
Microsoft Visual Studio Solution File, Format Version 12.00
# Visual Studio Version 17
VisualStudioVersion = 17.1.32328.378
MinimumVisualStudioVersion = 10.0.40219.1
Project("{FAE04EC0-301F-11D3-BF4B-00C04F79EFBC}") = "NovaPay.Integrator.Gateway.Api", "NovaPay.Integrator.Gateway.Api\NovaPay.Integrator.Gateway.Api.csproj", "{4006B64A-FCE4-4470-A859-6EA37132968D}"
EndProject
Global
	GlobalSection(SolutionConfigurationPlatforms) = preSolution
		Debug|Any CPU = Debug|Any CPU
		Release|Any CPU = Release|Any CPU
	EndGlobalSection
	GlobalSection(ProjectConfigurationPlatforms) = postSolution
		{4006B64A-FCE4-4470-A859-6EA37132968D}.Debug|Any CPU.ActiveCfg = Debug|Any CPU
		{4006B64A-FCE4-4470-A859-6EA37132968D}.Debug|Any CPU.Build.0 = Debug|Any CPU
		{4006B64A-FCE4-4470-A859-6EA37132968D}.Release|Any CPU.ActiveCfg = Release|Any CPU
		{4006B64A-FCE4-4470-A859-6EA37132968D}.Release|Any CPU.Build.0 = Release|Any CPU
	EndGlobalSection
	GlobalSection(SolutionProperties) = preSolution
		HideSolutionNode = FALSE
	EndGlobalSection
	GlobalSection(ExtensibilityGlobals) = postSolution
		SolutionGuid = {ED8F4FB8-0B3F-482A-B836-A7B77D89EA71}
	EndGlobalSection
EndGlobal
